
Microsoft Visual Studio Solution File, Format Version 12.00
# Visual Studio Version 17
VisualStudioVersion = 17.4.33403.182
MinimumVisualStudioVersion = 10.0.40219.1
Project("{FAE04EC0-301F-11D3-BF4B-00C04F79EFBC}") = "CS20230512B", "CS20230512B\CS20230512B.csproj", "{714AC4BE-999A-4ABD-8394-8852A5436CEC}"
EndProject
Global
	GlobalSection(SolutionConfigurationPlatforms) = preSolution
		Debug|Any CPU = Debug|Any CPU
		Release|Any CPU = Release|Any CPU
	EndGlobalSection
	GlobalSection(ProjectConfigurationPlatforms) = postSolution
		{714AC4BE-999A-4ABD-8394-8852A5436CEC}.Debug|Any CPU.ActiveCfg = Debug|Any CPU
		{714AC4BE-999A-4ABD-8394-8852A5436CEC}.Debug|Any CPU.Build.0 = Debug|Any CPU
		{714AC4BE-999A-4ABD-8394-8852A5436CEC}.Release|Any CPU.ActiveCfg = Release|Any CPU
		{714AC4BE-999A-4ABD-8394-8852A5436CEC}.Release|Any CPU.Build.0 = Release|Any CPU
	EndGlobalSection
	GlobalSection(SolutionProperties) = preSolution
		HideSolutionNode = FALSE
	EndGlobalSection
	GlobalSection(ExtensibilityGlobals) = postSolution
		SolutionGuid = {DD92DE93-1AD4-4545-9912-13D9D8EF289B}
	EndGlobalSection
EndGlobal
