
Microsoft Visual Studio Solution File, Format Version 12.00
# Visual Studio Version 17
VisualStudioVersion = 17.3.32819.101
MinimumVisualStudioVersion = 10.0.40219.1
Project("{FAE04EC0-301F-11D3-BF4B-00C04F79EFBC}") = "CS20220916B", "CS20220916B\CS20220916B.csproj", "{FA3E5B51-E258-4552-B688-850F69840A03}"
EndProject
Global
	GlobalSection(SolutionConfigurationPlatforms) = preSolution
		Debug|Any CPU = Debug|Any CPU
		Release|Any CPU = Release|Any CPU
	EndGlobalSection
	GlobalSection(ProjectConfigurationPlatforms) = postSolution
		{FA3E5B51-E258-4552-B688-850F69840A03}.Debug|Any CPU.ActiveCfg = Debug|Any CPU
		{FA3E5B51-E258-4552-B688-850F69840A03}.Debug|Any CPU.Build.0 = Debug|Any CPU
		{FA3E5B51-E258-4552-B688-850F69840A03}.Release|Any CPU.ActiveCfg = Release|Any CPU
		{FA3E5B51-E258-4552-B688-850F69840A03}.Release|Any CPU.Build.0 = Release|Any CPU
	EndGlobalSection
	GlobalSection(SolutionProperties) = preSolution
		HideSolutionNode = FALSE
	EndGlobalSection
	GlobalSection(ExtensibilityGlobals) = postSolution
		SolutionGuid = {E096B69F-2E84-4273-A792-51324353D54B}
	EndGlobalSection
EndGlobal
