
Microsoft Visual Studio Solution File, Format Version 12.00
# Visual Studio Version 16
VisualStudioVersion = 16.0.33328.57
MinimumVisualStudioVersion = 10.0.40219.1
Project("{FAE04EC0-301F-11D3-BF4B-00C04F79EFBC}") = "CS20230328B", "CS20230328B\CS20230328B.csproj", "{39A13A5B-EC35-4D3D-86CD-65A730E192B1}"
EndProject
Global
	GlobalSection(SolutionConfigurationPlatforms) = preSolution
		Debug|Any CPU = Debug|Any CPU
		Release|Any CPU = Release|Any CPU
	EndGlobalSection
	GlobalSection(ProjectConfigurationPlatforms) = postSolution
		{39A13A5B-EC35-4D3D-86CD-65A730E192B1}.Debug|Any CPU.ActiveCfg = Debug|Any CPU
		{39A13A5B-EC35-4D3D-86CD-65A730E192B1}.Debug|Any CPU.Build.0 = Debug|Any CPU
		{39A13A5B-EC35-4D3D-86CD-65A730E192B1}.Release|Any CPU.ActiveCfg = Release|Any CPU
		{39A13A5B-EC35-4D3D-86CD-65A730E192B1}.Release|Any CPU.Build.0 = Release|Any CPU
	EndGlobalSection
	GlobalSection(SolutionProperties) = preSolution
		HideSolutionNode = FALSE
	EndGlobalSection
	GlobalSection(ExtensibilityGlobals) = postSolution
		SolutionGuid = {D69D3F73-5F8D-4C5C-819D-78E40EE11890}
	EndGlobalSection
EndGlobal
