
Microsoft Visual Studio Solution File, Format Version 12.00
# Visual Studio Version 17
VisualStudioVersion = 17.5.33530.505
MinimumVisualStudioVersion = 10.0.40219.1
Project("{FAE04EC0-301F-11D3-BF4B-00C04F79EFBC}") = "CS20230428", "CS20230428\CS20230428.csproj", "{C787B356-34AA-4BEE-AF02-FF26638A8CD1}"
EndProject
Global
	GlobalSection(SolutionConfigurationPlatforms) = preSolution
		Debug|Any CPU = Debug|Any CPU
		Release|Any CPU = Release|Any CPU
	EndGlobalSection
	GlobalSection(ProjectConfigurationPlatforms) = postSolution
		{C787B356-34AA-4BEE-AF02-FF26638A8CD1}.Debug|Any CPU.ActiveCfg = Debug|Any CPU
		{C787B356-34AA-4BEE-AF02-FF26638A8CD1}.Debug|Any CPU.Build.0 = Debug|Any CPU
		{C787B356-34AA-4BEE-AF02-FF26638A8CD1}.Release|Any CPU.ActiveCfg = Release|Any CPU
		{C787B356-34AA-4BEE-AF02-FF26638A8CD1}.Release|Any CPU.Build.0 = Release|Any CPU
	EndGlobalSection
	GlobalSection(SolutionProperties) = preSolution
		HideSolutionNode = FALSE
	EndGlobalSection
	GlobalSection(ExtensibilityGlobals) = postSolution
		SolutionGuid = {CBE93A58-3A87-48A6-AB10-123C599550A4}
	EndGlobalSection
EndGlobal
