
Microsoft Visual Studio Solution File, Format Version 12.00
# Visual Studio Version 17
VisualStudioVersion = 17.4.33403.182
MinimumVisualStudioVersion = 10.0.40219.1
Project("{FAE04EC0-301F-11D3-BF4B-00C04F79EFBC}") = "Q3", "Q3\Q3.csproj", "{DA82CF77-E5B6-47DC-95E4-9F370CF2F853}"
EndProject
Global
	GlobalSection(SolutionConfigurationPlatforms) = preSolution
		Debug|Any CPU = Debug|Any CPU
		Release|Any CPU = Release|Any CPU
	EndGlobalSection
	GlobalSection(ProjectConfigurationPlatforms) = postSolution
		{DA82CF77-E5B6-47DC-95E4-9F370CF2F853}.Debug|Any CPU.ActiveCfg = Debug|Any CPU
		{DA82CF77-E5B6-47DC-95E4-9F370CF2F853}.Debug|Any CPU.Build.0 = Debug|Any CPU
		{DA82CF77-E5B6-47DC-95E4-9F370CF2F853}.Release|Any CPU.ActiveCfg = Release|Any CPU
		{DA82CF77-E5B6-47DC-95E4-9F370CF2F853}.Release|Any CPU.Build.0 = Release|Any CPU
	EndGlobalSection
	GlobalSection(SolutionProperties) = preSolution
		HideSolutionNode = FALSE
	EndGlobalSection
	GlobalSection(ExtensibilityGlobals) = postSolution
		SolutionGuid = {88007035-93D4-4B1C-9227-204721F24750}
	EndGlobalSection
EndGlobal
