
Microsoft Visual Studio Solution File, Format Version 12.00
# Visual Studio Version 17
VisualStudioVersion = 17.3.32929.385
MinimumVisualStudioVersion = 10.0.40219.1
Project("{FAE04EC0-301F-11D3-BF4B-00C04F79EFBC}") = "CS20221125B", "CS20221125B\CS20221125B.csproj", "{F635FEE8-9C8A-4921-9CE7-6E31E24603E8}"
EndProject
Global
	GlobalSection(SolutionConfigurationPlatforms) = preSolution
		Debug|Any CPU = Debug|Any CPU
		Release|Any CPU = Release|Any CPU
	EndGlobalSection
	GlobalSection(ProjectConfigurationPlatforms) = postSolution
		{F635FEE8-9C8A-4921-9CE7-6E31E24603E8}.Debug|Any CPU.ActiveCfg = Debug|Any CPU
		{F635FEE8-9C8A-4921-9CE7-6E31E24603E8}.Debug|Any CPU.Build.0 = Debug|Any CPU
		{F635FEE8-9C8A-4921-9CE7-6E31E24603E8}.Release|Any CPU.ActiveCfg = Release|Any CPU
		{F635FEE8-9C8A-4921-9CE7-6E31E24603E8}.Release|Any CPU.Build.0 = Release|Any CPU
	EndGlobalSection
	GlobalSection(SolutionProperties) = preSolution
		HideSolutionNode = FALSE
	EndGlobalSection
	GlobalSection(ExtensibilityGlobals) = postSolution
		SolutionGuid = {8BA5710A-3103-40C0-B5C0-FD84D457329A}
	EndGlobalSection
EndGlobal
