
Microsoft Visual Studio Solution File, Format Version 12.00
# Visual Studio Version 17
VisualStudioVersion = 17.3.32922.545
MinimumVisualStudioVersion = 10.0.40219.1
Project("{FAE04EC0-301F-11D3-BF4B-00C04F79EFBC}") = "CS20221101B", "CS20221101B\CS20221101B.csproj", "{FD78F0DA-0FD2-4F17-AFF1-E652918CA37B}"
EndProject
Global
	GlobalSection(SolutionConfigurationPlatforms) = preSolution
		Debug|Any CPU = Debug|Any CPU
		Release|Any CPU = Release|Any CPU
	EndGlobalSection
	GlobalSection(ProjectConfigurationPlatforms) = postSolution
		{FD78F0DA-0FD2-4F17-AFF1-E652918CA37B}.Debug|Any CPU.ActiveCfg = Debug|Any CPU
		{FD78F0DA-0FD2-4F17-AFF1-E652918CA37B}.Debug|Any CPU.Build.0 = Debug|Any CPU
		{FD78F0DA-0FD2-4F17-AFF1-E652918CA37B}.Release|Any CPU.ActiveCfg = Release|Any CPU
		{FD78F0DA-0FD2-4F17-AFF1-E652918CA37B}.Release|Any CPU.Build.0 = Release|Any CPU
	EndGlobalSection
	GlobalSection(SolutionProperties) = preSolution
		HideSolutionNode = FALSE
	EndGlobalSection
	GlobalSection(ExtensibilityGlobals) = postSolution
		SolutionGuid = {6A754585-F998-481B-BCA3-3AB396424456}
	EndGlobalSection
EndGlobal
