
Microsoft Visual Studio Solution File, Format Version 12.00
# Visual Studio Version 17
VisualStudioVersion = 17.4.33403.182
MinimumVisualStudioVersion = 10.0.40219.1
Project("{FAE04EC0-301F-11D3-BF4B-00C04F79EFBC}") = "CS20230307B", "CS20230307B\CS20230307B.csproj", "{6E88DC64-7A54-4083-8C6F-1DB0A25C31F9}"
EndProject
Global
	GlobalSection(SolutionConfigurationPlatforms) = preSolution
		Debug|Any CPU = Debug|Any CPU
		Release|Any CPU = Release|Any CPU
	EndGlobalSection
	GlobalSection(ProjectConfigurationPlatforms) = postSolution
		{6E88DC64-7A54-4083-8C6F-1DB0A25C31F9}.Debug|Any CPU.ActiveCfg = Debug|Any CPU
		{6E88DC64-7A54-4083-8C6F-1DB0A25C31F9}.Debug|Any CPU.Build.0 = Debug|Any CPU
		{6E88DC64-7A54-4083-8C6F-1DB0A25C31F9}.Release|Any CPU.ActiveCfg = Release|Any CPU
		{6E88DC64-7A54-4083-8C6F-1DB0A25C31F9}.Release|Any CPU.Build.0 = Release|Any CPU
	EndGlobalSection
	GlobalSection(SolutionProperties) = preSolution
		HideSolutionNode = FALSE
	EndGlobalSection
	GlobalSection(ExtensibilityGlobals) = postSolution
		SolutionGuid = {246EF23A-975D-4B60-96F2-94FF838C7F6A}
	EndGlobalSection
EndGlobal
