
Microsoft Visual Studio Solution File, Format Version 12.00
# Visual Studio Version 17
VisualStudioVersion = 17.4.33403.182
MinimumVisualStudioVersion = 10.0.40219.1
Project("{FAE04EC0-301F-11D3-BF4B-00C04F79EFBC}") = "CS20230324B", "CS20230324B\CS20230324B.csproj", "{BACA629A-FA07-408A-AD8B-EE8249F91CF0}"
EndProject
Global
	GlobalSection(SolutionConfigurationPlatforms) = preSolution
		Debug|Any CPU = Debug|Any CPU
		Release|Any CPU = Release|Any CPU
	EndGlobalSection
	GlobalSection(ProjectConfigurationPlatforms) = postSolution
		{BACA629A-FA07-408A-AD8B-EE8249F91CF0}.Debug|Any CPU.ActiveCfg = Debug|Any CPU
		{BACA629A-FA07-408A-AD8B-EE8249F91CF0}.Debug|Any CPU.Build.0 = Debug|Any CPU
		{BACA629A-FA07-408A-AD8B-EE8249F91CF0}.Release|Any CPU.ActiveCfg = Release|Any CPU
		{BACA629A-FA07-408A-AD8B-EE8249F91CF0}.Release|Any CPU.Build.0 = Release|Any CPU
	EndGlobalSection
	GlobalSection(SolutionProperties) = preSolution
		HideSolutionNode = FALSE
	EndGlobalSection
	GlobalSection(ExtensibilityGlobals) = postSolution
		SolutionGuid = {1CF2C39F-A177-4966-B922-589B2BB35DFD}
	EndGlobalSection
EndGlobal
